
Microsoft Visual Studio Solution File, Format Version 12.00
# Visual Studio 14
VisualStudioVersion = 14.0.24720.0
MinimumVisualStudioVersion = 10.0.40219.1
Project("{FAE04EC0-301F-11D3-BF4B-00C04F79EFBC}") = "Subsonic", "MB_SubSonic\Subsonic.csproj", "{43FE56C9-52A8-4E86-BBEB-93A1782F01A0}"
EndProject
Project("{911E67C6-3D85-4FCE-B560-20A9C3E3FF48}") = "MusicBee", "C:\Program Files (x86)\MusicBee\MusicBee.exe", "{4165A13D-0BA3-48FC-A4F4-151AA6C293CA}"
	ProjectSection(DebuggerProjectSystem) = preProject
		PortSupplier = 00000000-0000-0000-0000-000000000000
		Executable = C:\Program Files (x86)\MusicBee\MusicBee.exe
		RemoteMachine = IT12
		StartingDirectory = C:\Program Files (x86)\MusicBee
		Environment = Default
		LaunchingEngine = 00000000-0000-0000-0000-000000000000
		UseLegacyDebugEngines = No
		LaunchSQLEngine = No
		AttachLaunchAction = No
	EndProjectSection
EndProject
Global
	GlobalSection(SolutionConfigurationPlatforms) = preSolution
		Debug|Any CPU = Debug|Any CPU
		Debug|x86 = Debug|x86
		Release|Any CPU = Release|Any CPU
		Release|x86 = Release|x86
	EndGlobalSection
	GlobalSection(ProjectConfigurationPlatforms) = postSolution
		{43FE56C9-52A8-4E86-BBEB-93A1782F01A0}.Debug|Any CPU.ActiveCfg = Debug|Any CPU
		{43FE56C9-52A8-4E86-BBEB-93A1782F01A0}.Debug|Any CPU.Build.0 = Debug|Any CPU
		{43FE56C9-52A8-4E86-BBEB-93A1782F01A0}.Debug|x86.ActiveCfg = Debug|Any CPU
		{43FE56C9-52A8-4E86-BBEB-93A1782F01A0}.Debug|x86.Build.0 = Debug|Any CPU
		{43FE56C9-52A8-4E86-BBEB-93A1782F01A0}.Release|Any CPU.ActiveCfg = Release|Any CPU
		{43FE56C9-52A8-4E86-BBEB-93A1782F01A0}.Release|Any CPU.Build.0 = Release|Any CPU
		{43FE56C9-52A8-4E86-BBEB-93A1782F01A0}.Release|x86.ActiveCfg = Release|Any CPU
		{43FE56C9-52A8-4E86-BBEB-93A1782F01A0}.Release|x86.Build.0 = Release|Any CPU
		{4165A13D-0BA3-48FC-A4F4-151AA6C293CA}.Debug|Any CPU.ActiveCfg = Release|x86
		{4165A13D-0BA3-48FC-A4F4-151AA6C293CA}.Debug|x86.ActiveCfg = Release|x86
		{4165A13D-0BA3-48FC-A4F4-151AA6C293CA}.Release|Any CPU.ActiveCfg = Release|x86
		{4165A13D-0BA3-48FC-A4F4-151AA6C293CA}.Release|x86.ActiveCfg = Release|x86
	EndGlobalSection
	GlobalSection(SolutionProperties) = preSolution
		HideSolutionNode = FALSE
	EndGlobalSection
EndGlobal
